
Microsoft Visual Studio Solution File, Format Version 12.00
# Visual Studio Version 16
VisualStudioVersion = 16.0.32602.291
MinimumVisualStudioVersion = 10.0.40219.1
Project("{FAE04EC0-301F-11D3-BF4B-00C04F79EFBC}") = "JenkinsApp", "JenkinsApp\JenkinsApp.csproj", "{10FD8C19-FD19-4AA8-BDBB-DEF2BEDFB980}"
EndProject
Project("{FAE04EC0-301F-11D3-BF4B-00C04F79EFBC}") = "MyMath", "MyMath\MyMath.csproj", "{D8BC7997-9FB6-4374-AE54-E3567D717D11}"
EndProject
Global
	GlobalSection(SolutionConfigurationPlatforms) = preSolution
		Debug|Any CPU = Debug|Any CPU
		Release|Any CPU = Release|Any CPU
	EndGlobalSection
	GlobalSection(ProjectConfigurationPlatforms) = postSolution
		{10FD8C19-FD19-4AA8-BDBB-DEF2BEDFB980}.Debug|Any CPU.ActiveCfg = Debug|Any CPU
		{10FD8C19-FD19-4AA8-BDBB-DEF2BEDFB980}.Debug|Any CPU.Build.0 = Debug|Any CPU
		{10FD8C19-FD19-4AA8-BDBB-DEF2BEDFB980}.Release|Any CPU.ActiveCfg = Release|Any CPU
		{10FD8C19-FD19-4AA8-BDBB-DEF2BEDFB980}.Release|Any CPU.Build.0 = Release|Any CPU
		{D8BC7997-9FB6-4374-AE54-E3567D717D11}.Debug|Any CPU.ActiveCfg = Debug|Any CPU
		{D8BC7997-9FB6-4374-AE54-E3567D717D11}.Debug|Any CPU.Build.0 = Debug|Any CPU
		{D8BC7997-9FB6-4374-AE54-E3567D717D11}.Release|Any CPU.ActiveCfg = Release|Any CPU
		{D8BC7997-9FB6-4374-AE54-E3567D717D11}.Release|Any CPU.Build.0 = Release|Any CPU
	EndGlobalSection
	GlobalSection(SolutionProperties) = preSolution
		HideSolutionNode = FALSE
	EndGlobalSection
	GlobalSection(ExtensibilityGlobals) = postSolution
		SolutionGuid = {A1D450A1-50F8-4901-AF2F-8FB1456D6576}
	EndGlobalSection
EndGlobal
